
Microsoft Visual Studio Solution File, Format Version 12.00
# Visual Studio 2013
VisualStudioVersion = 12.0.30501.0
MinimumVisualStudioVersion = 10.0.40219.1
Project("{F184B08F-C81C-45F6-A57F-5ABD9991F28F}") = "botones", "botones\botones.vbproj", "{5855F143-07E8-4AF9-BCEE-9C3CAF14DA2D}"
EndProject
Global
	GlobalSection(SolutionConfigurationPlatforms) = preSolution
		Debug|Any CPU = Debug|Any CPU
		Release|Any CPU = Release|Any CPU
	EndGlobalSection
	GlobalSection(ProjectConfigurationPlatforms) = postSolution
		{5855F143-07E8-4AF9-BCEE-9C3CAF14DA2D}.Debug|Any CPU.ActiveCfg = Debug|Any CPU
		{5855F143-07E8-4AF9-BCEE-9C3CAF14DA2D}.Debug|Any CPU.Build.0 = Debug|Any CPU
		{5855F143-07E8-4AF9-BCEE-9C3CAF14DA2D}.Release|Any CPU.ActiveCfg = Release|Any CPU
		{5855F143-07E8-4AF9-BCEE-9C3CAF14DA2D}.Release|Any CPU.Build.0 = Release|Any CPU
	EndGlobalSection
	GlobalSection(SolutionProperties) = preSolution
		HideSolutionNode = FALSE
	EndGlobalSection
EndGlobal
